// !$*UTF8*$!
{
	archiveVersion = 1;
	classes = {
	};
	objectVersion = 56;
	objects = {

/* Begin PBXBuildFile section */
		26208F8A2BB7C0E900AD95F2 /* ProductsView.swift in Sources */ = {isa = PBXBuildFile; fileRef = 26208F892BB7C0E900AD95F2 /* ProductsView.swift */; };
		26208F8C2BB7C45600AD95F2 /* DetailedProductView.swift in Sources */ = {isa = PBXBuildFile; fileRef = 26208F8B2BB7C45600AD95F2 /* DetailedProductView.swift */; };
		26208F8E2BB7C95800AD95F2 /* SignupView.swift in Sources */ = {isa = PBXBuildFile; fileRef = 26208F8D2BB7C95800AD95F2 /* SignupView.swift */; };
		26208F902BB7CEB900AD95F2 /* SignupViewModel.swift in Sources */ = {isa = PBXBuildFile; fileRef = 26208F8F2BB7CEB900AD95F2 /* SignupViewModel.swift */; };
		26208F922BB7D66F00AD95F2 /* FavouritesView.swift in Sources */ = {isa = PBXBuildFile; fileRef = 26208F912BB7D66F00AD95F2 /* FavouritesView.swift */; };
		26208F942BB7DEF700AD95F2 /* SplashScreen.swift in Sources */ = {isa = PBXBuildFile; fileRef = 26208F932BB7DEF700AD95F2 /* SplashScreen.swift */; };
		26208F962BB80CDD00AD95F2 /* ContentView.swift in Sources */ = {isa = PBXBuildFile; fileRef = 26208F952BB80CDD00AD95F2 /* ContentView.swift */; };
		A511D2AA2BA6CC1C005238B9 /* HomeScreenView.swift in Sources */ = {isa = PBXBuildFile; fileRef = A511D2A92BA6CC1C005238B9 /* HomeScreenView.swift */; };
		A532C7E72BA6D603009B0DA9 /* ProfileView.swift in Sources */ = {isa = PBXBuildFile; fileRef = A532C7E62BA6D603009B0DA9 /* ProfileView.swift */; };
		A532C7E92BA6D9B4009B0DA9 /* UserViewModel.swift in Sources */ = {isa = PBXBuildFile; fileRef = A532C7E82BA6D9B4009B0DA9 /* UserViewModel.swift */; };
		A532C7EB2BA6FD5E009B0DA9 /* CartView.swift in Sources */ = {isa = PBXBuildFile; fileRef = A532C7EA2BA6FD5E009B0DA9 /* CartView.swift */; };
		A5AB2E1A2BAECBF500E59AFE /* CheckoutView.swift in Sources */ = {isa = PBXBuildFile; fileRef = A5AB2E192BAECBF500E59AFE /* CheckoutView.swift */; };
		A5AB2E1C2BAF066000E59AFE /* CartViewModel.swift in Sources */ = {isa = PBXBuildFile; fileRef = A5AB2E1B2BAF066000E59AFE /* CartViewModel.swift */; };
		A5E773002BA54AB70020895B /* GhostClothingApp.swift in Sources */ = {isa = PBXBuildFile; fileRef = A5E772FF2BA54AB70020895B /* GhostClothingApp.swift */; };
		A5E773042BA54AB90020895B /* Assets.xcassets in Resources */ = {isa = PBXBuildFile; fileRef = A5E773032BA54AB90020895B /* Assets.xcassets */; };
		A5E773072BA54AB90020895B /* Preview Assets.xcassets in Resources */ = {isa = PBXBuildFile; fileRef = A5E773062BA54AB90020895B /* Preview Assets.xcassets */; };
		A5E773142BA555040020895B /* LoginViewModel.swift in Sources */ = {isa = PBXBuildFile; fileRef = A5E773132BA555040020895B /* LoginViewModel.swift */; };
		A5E773162BA5567A0020895B /* LoginView.swift in Sources */ = {isa = PBXBuildFile; fileRef = A5E773152BA5567A0020895B /* LoginView.swift */; };
		A5E773182BA559660020895B /* HomeView.swift in Sources */ = {isa = PBXBuildFile; fileRef = A5E773172BA559660020895B /* HomeView.swift */; };
/* End PBXBuildFile section */

/* Begin PBXFileReference section */
		26208F892BB7C0E900AD95F2 /* ProductsView.swift */ = {isa = PBXFileReference; lastKnownFileType = sourcecode.swift; path = ProductsView.swift; sourceTree = "<group>"; };
		26208F8B2BB7C45600AD95F2 /* DetailedProductView.swift */ = {isa = PBXFileReference; lastKnownFileType = sourcecode.swift; path = DetailedProductView.swift; sourceTree = "<group>"; };
		26208F8D2BB7C95800AD95F2 /* SignupView.swift */ = {isa = PBXFileReference; lastKnownFileType = sourcecode.swift; path = SignupView.swift; sourceTree = "<group>"; };
		26208F8F2BB7CEB900AD95F2 /* SignupViewModel.swift */ = {isa = PBXFileReference; lastKnownFileType = sourcecode.swift; path = SignupViewModel.swift; sourceTree = "<group>"; };
		26208F912BB7D66F00AD95F2 /* FavouritesView.swift */ = {isa = PBXFileReference; lastKnownFileType = sourcecode.swift; path = FavouritesView.swift; sourceTree = "<group>"; };
		26208F932BB7DEF700AD95F2 /* SplashScreen.swift */ = {isa = PBXFileReference; lastKnownFileType = sourcecode.swift; path = SplashScreen.swift; sourceTree = "<group>"; };
		26208F952BB80CDD00AD95F2 /* ContentView.swift */ = {isa = PBXFileReference; lastKnownFileType = sourcecode.swift; path = ContentView.swift; sourceTree = "<group>"; };
		A511D2A92BA6CC1C005238B9 /* HomeScreenView.swift */ = {isa = PBXFileReference; lastKnownFileType = sourcecode.swift; path = HomeScreenView.swift; sourceTree = "<group>"; };
		A532C7E62BA6D603009B0DA9 /* ProfileView.swift */ = {isa = PBXFileReference; lastKnownFileType = sourcecode.swift; path = ProfileView.swift; sourceTree = "<group>"; };
		A532C7E82BA6D9B4009B0DA9 /* UserViewModel.swift */ = {isa = PBXFileReference; lastKnownFileType = sourcecode.swift; path = UserViewModel.swift; sourceTree = "<group>"; };
		A532C7EA2BA6FD5E009B0DA9 /* CartView.swift */ = {isa = PBXFileReference; lastKnownFileType = sourcecode.swift; path = CartView.swift; sourceTree = "<group>"; };
		A5AB2E192BAECBF500E59AFE /* CheckoutView.swift */ = {isa = PBXFileReference; lastKnownFileType = sourcecode.swift; path = CheckoutView.swift; sourceTree = "<group>"; };
		A5AB2E1B2BAF066000E59AFE /* CartViewModel.swift */ = {isa = PBXFileReference; lastKnownFileType = sourcecode.swift; path = CartViewModel.swift; sourceTree = "<group>"; };
		A5E772FC2BA54AB70020895B /* GhostClothing.app */ = {isa = PBXFileReference; explicitFileType = wrapper.application; includeInIndex = 0; path = GhostClothing.app; sourceTree = BUILT_PRODUCTS_DIR; };
		A5E772FF2BA54AB70020895B /* GhostClothingApp.swift */ = {isa = PBXFileReference; lastKnownFileType = sourcecode.swift; path = GhostClothingApp.swift; sourceTree = "<group>"; };
		A5E773032BA54AB90020895B /* Assets.xcassets */ = {isa = PBXFileReference; lastKnownFileType = folder.assetcatalog; path = Assets.xcassets; sourceTree = "<group>"; };
		A5E773062BA54AB90020895B /* Preview Assets.xcassets */ = {isa = PBXFileReference; lastKnownFileType = folder.assetcatalog; path = "Preview Assets.xcassets"; sourceTree = "<group>"; };
		A5E773132BA555040020895B /* LoginViewModel.swift */ = {isa = PBXFileReference; lastKnownFileType = sourcecode.swift; path = LoginViewModel.swift; sourceTree = "<group>"; };
		A5E773152BA5567A0020895B /* LoginView.swift */ = {isa = PBXFileReference; lastKnownFileType = sourcecode.swift; path = LoginView.swift; sourceTree = "<group>"; };
		A5E773172BA559660020895B /* HomeView.swift */ = {isa = PBXFileReference; lastKnownFileType = sourcecode.swift; path = HomeView.swift; sourceTree = "<group>"; };
/* End PBXFileReference section */

/* Begin PBXFrameworksBuildPhase section */
		A5E772F92BA54AB70020895B /* Frameworks */ = {
			isa = PBXFrameworksBuildPhase;
			buildActionMask = 2147483647;
			files = (
			);
			runOnlyForDeploymentPostprocessing = 0;
		};
/* End PBXFrameworksBuildPhase section */

/* Begin PBXGroup section */
		A5E772F32BA54AB70020895B = {
			isa = PBXGroup;
			children = (
				A5E772FE2BA54AB70020895B /* GhostClothing */,
				A5E772FD2BA54AB70020895B /* Products */,
			);
			sourceTree = "<group>";
		};
		A5E772FD2BA54AB70020895B /* Products */ = {
			isa = PBXGroup;
			children = (
				A5E772FC2BA54AB70020895B /* GhostClothing.app */,
			);
			name = Products;
			sourceTree = "<group>";
		};
		A5E772FE2BA54AB70020895B /* GhostClothing */ = {
			isa = PBXGroup;
			children = (
				A5E773122BA551CA0020895B /* Views */,
				A5E773112BA551890020895B /* ViewModel */,
				A5E7730E2BA550BC0020895B /* Model */,
				A5E772FF2BA54AB70020895B /* GhostClothingApp.swift */,
				26208F952BB80CDD00AD95F2 /* ContentView.swift */,
				A5E773032BA54AB90020895B /* Assets.xcassets */,
				A5E773052BA54AB90020895B /* Preview Content */,
			);
			path = GhostClothing;
			sourceTree = "<group>";
		};
		A5E773052BA54AB90020895B /* Preview Content */ = {
			isa = PBXGroup;
			children = (
				A5E773062BA54AB90020895B /* Preview Assets.xcassets */,
			);
			path = "Preview Content";
			sourceTree = "<group>";
		};
		A5E7730E2BA550BC0020895B /* Model */ = {
			isa = PBXGroup;
			children = (
			);
			path = Model;
			sourceTree = "<group>";
		};
		A5E773112BA551890020895B /* ViewModel */ = {
			isa = PBXGroup;
			children = (
				A5E773132BA555040020895B /* LoginViewModel.swift */,
				A532C7E82BA6D9B4009B0DA9 /* UserViewModel.swift */,
				A5AB2E1B2BAF066000E59AFE /* CartViewModel.swift */,
				26208F8F2BB7CEB900AD95F2 /* SignupViewModel.swift */,
			);
			path = ViewModel;
			sourceTree = "<group>";
		};
		A5E773122BA551CA0020895B /* Views */ = {
			isa = PBXGroup;
			children = (
				A5E773152BA5567A0020895B /* LoginView.swift */,
				A5E773172BA559660020895B /* HomeView.swift */,
				A511D2A92BA6CC1C005238B9 /* HomeScreenView.swift */,
				A532C7E62BA6D603009B0DA9 /* ProfileView.swift */,
				A532C7EA2BA6FD5E009B0DA9 /* CartView.swift */,
				A5AB2E192BAECBF500E59AFE /* CheckoutView.swift */,
				26208F892BB7C0E900AD95F2 /* ProductsView.swift */,
				26208F8B2BB7C45600AD95F2 /* DetailedProductView.swift */,
				26208F8D2BB7C95800AD95F2 /* SignupView.swift */,
				26208F912BB7D66F00AD95F2 /* FavouritesView.swift */,
				26208F932BB7DEF700AD95F2 /* SplashScreen.swift */,
			);
			path = Views;
			sourceTree = "<group>";
		};
/* End PBXGroup section */

/* Begin PBXNativeTarget section */
		A5E772FB2BA54AB70020895B /* GhostClothing */ = {
			isa = PBXNativeTarget;
			buildConfigurationList = A5E7730A2BA54AB90020895B /* Build configuration list for PBXNativeTarget "GhostClothing" */;
			buildPhases = (
				A5E772F82BA54AB70020895B /* Sources */,
				A5E772F92BA54AB70020895B /* Frameworks */,
				A5E772FA2BA54AB70020895B /* Resources */,
			);
			buildRules = (
			);
			dependencies = (
			);
			name = GhostClothing;
			packageProductDependencies = (
			);
			productName = GhostClothing;
			productReference = A5E772FC2BA54AB70020895B /* GhostClothing.app */;
			productType = "com.apple.product-type.application";
		};
/* End PBXNativeTarget section */

/* Begin PBXProject section */
		A5E772F42BA54AB70020895B /* Project object */ = {
			isa = PBXProject;
			attributes = {
				BuildIndependentTargetsInParallel = 1;
				LastSwiftUpdateCheck = 1520;
				LastUpgradeCheck = 1520;
				TargetAttributes = {
					A5E772FB2BA54AB70020895B = {
						CreatedOnToolsVersion = 15.2;
					};
				};
			};
			buildConfigurationList = A5E772F72BA54AB70020895B /* Build configuration list for PBXProject "GhostClothing" */;
			compatibilityVersion = "Xcode 14.0";
			developmentRegion = en;
			hasScannedForEncodings = 0;
			knownRegions = (
				en,
				Base,
			);
			mainGroup = A5E772F32BA54AB70020895B;
			packageReferences = (
			);
			productRefGroup = A5E772FD2BA54AB70020895B /* Products */;
			projectDirPath = "";
			projectRoot = "";
			targets = (
				A5E772FB2BA54AB70020895B /* GhostClothing */,
			);
		};
/* End PBXProject section */

/* Begin PBXResourcesBuildPhase section */
		A5E772FA2BA54AB70020895B /* Resources */ = {
			isa = PBXResourcesBuildPhase;
			buildActionMask = 2147483647;
			files = (
				A5E773072BA54AB90020895B /* Preview Assets.xcassets in Resources */,
				A5E773042BA54AB90020895B /* Assets.xcassets in Resources */,
			);
			runOnlyForDeploymentPostprocessing = 0;
		};
/* End PBXResourcesBuildPhase section */

/* Begin PBXSourcesBuildPhase section */
		A5E772F82BA54AB70020895B /* Sources */ = {
			isa = PBXSourcesBuildPhase;
			buildActionMask = 2147483647;
			files = (
				A5E773002BA54AB70020895B /* GhostClothingApp.swift in Sources */,
				A5E773182BA559660020895B /* HomeView.swift in Sources */,
				A511D2AA2BA6CC1C005238B9 /* HomeScreenView.swift in Sources */,
				A5E773162BA5567A0020895B /* LoginView.swift in Sources */,
				A532C7E72BA6D603009B0DA9 /* ProfileView.swift in Sources */,
				A532C7E92BA6D9B4009B0DA9 /* UserViewModel.swift in Sources */,
				26208F8A2BB7C0E900AD95F2 /* ProductsView.swift in Sources */,
				26208F962BB80CDD00AD95F2 /* ContentView.swift in Sources */,
				A5AB2E1C2BAF066000E59AFE /* CartViewModel.swift in Sources */,
				26208F942BB7DEF700AD95F2 /* SplashScreen.swift in Sources */,
				26208F8C2BB7C45600AD95F2 /* DetailedProductView.swift in Sources */,
				A532C7EB2BA6FD5E009B0DA9 /* CartView.swift in Sources */,
				26208F902BB7CEB900AD95F2 /* SignupViewModel.swift in Sources */,
				A5E773142BA555040020895B /* LoginViewModel.swift in Sources */,
				26208F8E2BB7C95800AD95F2 /* SignupView.swift in Sources */,
				26208F922BB7D66F00AD95F2 /* FavouritesView.swift in Sources */,
				A5AB2E1A2BAECBF500E59AFE /* CheckoutView.swift in Sources */,
			);
			runOnlyForDeploymentPostprocessing = 0;
		};
/* End PBXSourcesBuildPhase section */

/* Begin XCBuildConfiguration section */
		A5E773082BA54AB90020895B /* Debug */ = {
			isa = XCBuildConfiguration;
			buildSettings = {
				ALWAYS_SEARCH_USER_PATHS = NO;
				ASSETCATALOG_COMPILER_GENERATE_SWIFT_ASSET_SYMBOL_EXTENSIONS = YES;
				CLANG_ANALYZER_NONNULL = YES;
				CLANG_ANALYZER_NUMBER_OBJECT_CONVERSION = YES_AGGRESSIVE;
				CLANG_CXX_LANGUAGE_STANDARD = "gnu++20";
				CLANG_ENABLE_MODULES = YES;
				CLANG_ENABLE_OBJC_ARC = YES;
				CLANG_ENABLE_OBJC_WEAK = YES;
				CLANG_WARN_BLOCK_CAPTURE_AUTORELEASING = YES;
				CLANG_WARN_BOOL_CONVERSION = YES;
				CLANG_WARN_COMMA = YES;
				CLANG_WARN_CONSTANT_CONVERSION = YES;
				CLANG_WARN_DEPRECATED_OBJC_IMPLEMENTATIONS = YES;
				CLANG_WARN_DIRECT_OBJC_ISA_USAGE = YES_ERROR;
				CLANG_WARN_DOCUMENTATION_COMMENTS = YES;
				CLANG_WARN_EMPTY_BODY = YES;
				CLANG_WARN_ENUM_CONVERSION = YES;
				CLANG_WARN_INFINITE_RECURSION = YES;
				CLANG_WARN_INT_CONVERSION = YES;
				CLANG_WARN_NON_LITERAL_NULL_CONVERSION = YES;
				CLANG_WARN_OBJC_IMPLICIT_RETAIN_SELF = YES;
				CLANG_WARN_OBJC_LITERAL_CONVERSION = YES;
				CLANG_WARN_OBJC_ROOT_CLASS = YES_ERROR;
				CLANG_WARN_QUOTED_INCLUDE_IN_FRAMEWORK_HEADER = YES;
				CLANG_WARN_RANGE_LOOP_ANALYSIS = YES;
				CLANG_WARN_STRICT_PROTOTYPES = YES;
				CLANG_WARN_SUSPICIOUS_MOVE = YES;
				CLANG_WARN_UNGUARDED_AVAILABILITY = YES_AGGRESSIVE;
				CLANG_WARN_UNREACHABLE_CODE = YES;
				CLANG_WARN__DUPLICATE_METHOD_MATCH = YES;
				COPY_PHASE_STRIP = NO;
				DEBUG_INFORMATION_FORMAT = dwarf;
				ENABLE_STRICT_OBJC_MSGSEND = YES;
				ENABLE_TESTABILITY = YES;
				ENABLE_USER_SCRIPT_SANDBOXING = YES;
				GCC_C_LANGUAGE_STANDARD = gnu17;
				GCC_DYNAMIC_NO_PIC = NO;
				GCC_NO_COMMON_BLOCKS = YES;
				GCC_OPTIMIZATION_LEVEL = 0;
				GCC_PREPROCESSOR_DEFINITIONS = (
					"DEBUG=1",
					"$(inherited)",
				);
				GCC_WARN_64_TO_32_BIT_CONVERSION = YES;
				GCC_WARN_ABOUT_RETURN_TYPE = YES_ERROR;
				GCC_WARN_UNDECLARED_SELECTOR = YES;
				GCC_WARN_UNINITIALIZED_AUTOS = YES_AGGRESSIVE;
				GCC_WARN_UNUSED_FUNCTION = YES;
				GCC_WARN_UNUSED_VARIABLE = YES;
				IPHONEOS_DEPLOYMENT_TARGET = 17.2;
				LOCALIZATION_PREFERS_STRING_CATALOGS = YES;
				MTL_ENABLE_DEBUG_INFO = INCLUDE_SOURCE;
				MTL_FAST_MATH = YES;
				ONLY_ACTIVE_ARCH = YES;
				SDKROOT = iphoneos;
				SWIFT_ACTIVE_COMPILATION_CONDITIONS = "DEBUG $(inherited)";
				SWIFT_OPTIMIZATION_LEVEL = "-Onone";
			};
			name = Debug;
		};
		A5E773092BA54AB90020895B /* Release */ = {
			isa = XCBuildConfiguration;
			buildSettings = {
				ALWAYS_SEARCH_USER_PATHS = NO;
				ASSETCATALOG_COMPILER_GENERATE_SWIFT_ASSET_SYMBOL_EXTENSIONS = YES;
				CLANG_ANALYZER_NONNULL = YES;
				CLANG_ANALYZER_NUMBER_OBJECT_CONVERSION = YES_AGGRESSIVE;
				CLANG_CXX_LANGUAGE_STANDARD = "gnu++20";
				CLANG_ENABLE_MODULES = YES;
				CLANG_ENABLE_OBJC_ARC = YES;
				CLANG_ENABLE_OBJC_WEAK = YES;
				CLANG_WARN_BLOCK_CAPTURE_AUTORELEASING = YES;
				CLANG_WARN_BOOL_CONVERSION = YES;
				CLANG_WARN_COMMA = YES;
				CLANG_WARN_CONSTANT_CONVERSION = YES;
				CLANG_WARN_DEPRECATED_OBJC_IMPLEMENTATIONS = YES;
				CLANG_WARN_DIRECT_OBJC_ISA_USAGE = YES_ERROR;
				CLANG_WARN_DOCUMENTATION_COMMENTS = YES;
				CLANG_WARN_EMPTY_BODY = YES;
				CLANG_WARN_ENUM_CONVERSION = YES;
				CLANG_WARN_INFINITE_RECURSION = YES;
				CLANG_WARN_INT_CONVERSION = YES;
				CLANG_WARN_NON_LITERAL_NULL_CONVERSION = YES;
				CLANG_WARN_OBJC_IMPLICIT_RETAIN_SELF = YES;
				CLANG_WARN_OBJC_LITERAL_CONVERSION = YES;
				CLANG_WARN_OBJC_ROOT_CLASS = YES_ERROR;
				CLANG_WARN_QUOTED_INCLUDE_IN_FRAMEWORK_HEADER = YES;
				CLANG_WARN_RANGE_LOOP_ANALYSIS = YES;
				CLANG_WARN_STRICT_PROTOTYPES = YES;
				CLANG_WARN_SUSPICIOUS_MOVE = YES;
				CLANG_WARN_UNGUARDED_AVAILABILITY = YES_AGGRESSIVE;
				CLANG_WARN_UNREACHABLE_CODE = YES;
				CLANG_WARN__DUPLICATE_METHOD_MATCH = YES;
				COPY_PHASE_STRIP = NO;
				DEBUG_INFORMATION_FORMAT = "dwarf-with-dsym";
				ENABLE_NS_ASSERTIONS = NO;
				ENABLE_STRICT_OBJC_MSGSEND = YES;
				ENABLE_USER_SCRIPT_SANDBOXING = YES;
				GCC_C_LANGUAGE_STANDARD = gnu17;
				GCC_NO_COMMON_BLOCKS = YES;
				GCC_WARN_64_TO_32_BIT_CONVERSION = YES;
				GCC_WARN_ABOUT_RETURN_TYPE = YES_ERROR;
				GCC_WARN_UNDECLARED_SELECTOR = YES;
				GCC_WARN_UNINITIALIZED_AUTOS = YES_AGGRESSIVE;
				GCC_WARN_UNUSED_FUNCTION = YES;
				GCC_WARN_UNUSED_VARIABLE = YES;
				IPHONEOS_DEPLOYMENT_TARGET = 17.2;
				LOCALIZATION_PREFERS_STRING_CATALOGS = YES;
				MTL_ENABLE_DEBUG_INFO = NO;
				MTL_FAST_MATH = YES;
				SDKROOT = iphoneos;
				SWIFT_COMPILATION_MODE = wholemodule;
				VALIDATE_PRODUCT = YES;
			};
			name = Release;
		};
		A5E7730B2BA54AB90020895B /* Debug */ = {
			isa = XCBuildConfiguration;
			buildSettings = {
				ASSETCATALOG_COMPILER_APPICON_NAME = AppIcon;
				ASSETCATALOG_COMPILER_GLOBAL_ACCENT_COLOR_NAME = AccentColor;
				CODE_SIGN_STYLE = Automatic;
				CURRENT_PROJECT_VERSION = 1;
				DEVELOPMENT_ASSET_PATHS = "\"GhostClothing/Preview Content\"";
				ENABLE_PREVIEWS = YES;
				GENERATE_INFOPLIST_FILE = YES;
				INFOPLIST_KEY_UIApplicationSceneManifest_Generation = YES;
				INFOPLIST_KEY_UIApplicationSupportsIndirectInputEvents = YES;
				INFOPLIST_KEY_UILaunchScreen_Generation = YES;
				INFOPLIST_KEY_UISupportedInterfaceOrientations_iPad = "UIInterfaceOrientationPortrait UIInterfaceOrientationPortraitUpsideDown UIInterfaceOrientationLandscapeLeft UIInterfaceOrientationLandscapeRight";
				INFOPLIST_KEY_UISupportedInterfaceOrientations_iPhone = "UIInterfaceOrientationPortrait UIInterfaceOrientationLandscapeLeft UIInterfaceOrientationLandscapeRight";
				LD_RUNPATH_SEARCH_PATHS = (
					"$(inherited)",
					"@executable_path/Frameworks",
				);
				MARKETING_VERSION = 1.0;
				PRODUCT_BUNDLE_IDENTIFIER = lksh.GhostClothing;
				PRODUCT_NAME = "$(TARGET_NAME)";
				SWIFT_EMIT_LOC_STRINGS = YES;
				SWIFT_VERSION = 5.0;
				TARGETED_DEVICE_FAMILY = "1,2";
			};
			name = Debug;
		};
		A5E7730C2BA54AB90020895B /* Release */ = {
			isa = XCBuildConfiguration;
			buildSettings = {
				ASSETCATALOG_COMPILER_APPICON_NAME = AppIcon;
				ASSETCATALOG_COMPILER_GLOBAL_ACCENT_COLOR_NAME = AccentColor;
				CODE_SIGN_STYLE = Automatic;
				CURRENT_PROJECT_VERSION = 1;
				DEVELOPMENT_ASSET_PATHS = "\"GhostClothing/Preview Content\"";
				ENABLE_PREVIEWS = YES;
				GENERATE_INFOPLIST_FILE = YES;
				INFOPLIST_KEY_UIApplicationSceneManifest_Generation = YES;
				INFOPLIST_KEY_UIApplicationSupportsIndirectInputEvents = YES;
				INFOPLIST_KEY_UILaunchScreen_Generation = YES;
				INFOPLIST_KEY_UISupportedInterfaceOrientations_iPad = "UIInterfaceOrientationPortrait UIInterfaceOrientationPortraitUpsideDown UIInterfaceOrientationLandscapeLeft UIInterfaceOrientationLandscapeRight";
				INFOPLIST_KEY_UISupportedInterfaceOrientations_iPhone = "UIInterfaceOrientationPortrait UIInterfaceOrientationLandscapeLeft UIInterfaceOrientationLandscapeRight";
				LD_RUNPATH_SEARCH_PATHS = (
					"$(inherited)",
					"@executable_path/Frameworks",
				);
				MARKETING_VERSION = 1.0;
				PRODUCT_BUNDLE_IDENTIFIER = lksh.GhostClothing;
				PRODUCT_NAME = "$(TARGET_NAME)";
				SWIFT_EMIT_LOC_STRINGS = YES;
				SWIFT_VERSION = 5.0;
				TARGETED_DEVICE_FAMILY = "1,2";
			};
			name = Release;
		};
/* End XCBuildConfiguration section */

/* Begin XCConfigurationList section */
		A5E772F72BA54AB70020895B /* Build configuration list for PBXProject "GhostClothing" */ = {
			isa = XCConfigurationList;
			buildConfigurations = (
				A5E773082BA54AB90020895B /* Debug */,
				A5E773092BA54AB90020895B /* Release */,
			);
			defaultConfigurationIsVisible = 0;
			defaultConfigurationName = Release;
		};
		A5E7730A2BA54AB90020895B /* Build configuration list for PBXNativeTarget "GhostClothing" */ = {
			isa = XCConfigurationList;
			buildConfigurations = (
				A5E7730B2BA54AB90020895B /* Debug */,
				A5E7730C2BA54AB90020895B /* Release */,
			);
			defaultConfigurationIsVisible = 0;
			defaultConfigurationName = Release;
		};
/* End XCConfigurationList section */
	};
	rootObject = A5E772F42BA54AB70020895B /* Project object */;
}
